{
    "_readme": [
        "This file locks the dependencies of your project to a known state",
        "Read more about it at https://getcomposer.org/doc/01-basic-usage.md#composer-lock-the-lock-file",
        "This file is @generated automatically"
    ],
    "hash": "3c60018f4082ee40c1fa3cc98110034c",
    "content-hash": "af915ccba7c14e7e819d2dde4e10b517",
    "packages": [],
    "packages-dev": [
        {
            "name": "gitonomy/gitlib",
            "version": "v0.1.8",
            "source": {
                "type": "git",
                "url": "https://github.com/gitonomy/gitlib.git",
                "reference": "f575b8f7da917ade7890c6aa705fa22545690389"
            },
            "dist": {
                "type": "zip",
                "url": "https://api.github.com/repos/gitonomy/gitlib/zipball/f575b8f7da917ade7890c6aa705fa22545690389",
                "reference": "f575b8f7da917ade7890c6aa705fa22545690389",
                "shasum": ""
            },
            "require": {
                "symfony/process": "^2.3|^3.0"
            },
            "require-dev": {
                "psr/log": "^1.0"
            },
            "suggest": {
                "psr/log": "Add some log"
            },
            "type": "library",
            "extra": {
                "branch-alias": {
                    "dev-master": "1.0-dev"
                }
            },
            "autoload": {
                "psr-4": {
                    "Gitonomy\\Git\\": "src/Gitonomy/Git/"
                }
            },
            "notification-url": "https://packagist.org/downloads/",
            "license": [
                "MIT"
            ],
            "authors": [
                {
                    "name": "Alexandre Salomé",
                    "email": "alexandre.salome@gmail.com",
                    "homepage": "http://alexandre-salome.fr"
                },
                {
                    "name": "Julien DIDIER",
                    "email": "genzo.wm@gmail.com",
                    "homepage": "http://www.jdidier.net"
                }
            ],
            "description": "Library for accessing git",
            "homepage": "http://gitonomy.com",
            "time": "2015-12-01 22:25:57"
        },
        {
            "name": "nikic/php-parser",
            "version": "v0.9.5",
            "source": {
                "type": "git",
                "url": "https://github.com/nikic/PHP-Parser.git",
                "reference": "ef70767475434bdb3615b43c327e2cae17ef12eb"
            },
            "dist": {
                "type": "zip",
                "url": "https://api.github.com/repos/nikic/PHP-Parser/zipball/ef70767475434bdb3615b43c327e2cae17ef12eb",
                "reference": "ef70767475434bdb3615b43c327e2cae17ef12eb",
                "shasum": ""
            },
            "require": {
                "ext-tokenizer": "*",
                "php": ">=5.2"
            },
            "type": "library",
            "extra": {
                "branch-alias": {
                    "dev-master": "0.9-dev"
                }
            },
            "autoload": {
                "psr-0": {
                    "PHPParser": "lib/"
                }
            },
            "notification-url": "https://packagist.org/downloads/",
            "license": [
                "BSD-3-Clause"
            ],
            "authors": [
                {
                    "name": "Nikita Popov"
                }
            ],
            "description": "A PHP parser written in PHP",
            "keywords": [
                "parser",
                "php"
            ],
            "time": "2014-07-23 18:24:17"
        },
        {
            "name": "phpbb/epv",
            "version": "dev-master",
            "source": {
                "type": "git",
                "url": "https://github.com/phpbb/epv.git",
                "reference": "20988361847a65198f2ac15a225e3f4d9ca3030c"
            },
            "dist": {
                "type": "zip",
                "url": "https://api.github.com/repos/phpbb/epv/zipball/20988361847a65198f2ac15a225e3f4d9ca3030c",
                "reference": "20988361847a65198f2ac15a225e3f4d9ca3030c",
                "shasum": ""
            },
            "require": {
                "gitonomy/gitlib": "0.1.*@dev",
                "nikic/php-parser": "0.9.*@dev",
                "php": ">=5.3.3",
                "sensiolabs/ansi-to-html": "~1.1",
                "symfony/console": "~2.3",
                "symfony/finder": "~2.3",
                "symfony/process": "~2.3",
                "symfony/yaml": "~2.3"
            },
            "require-dev": {
                "phpunit/phpunit": "4.4.*",
                "phpunit/phpunit-mock-objects": "2.3.*"
            },
            "bin": [
                "src/EPV.php"
            ],
            "type": "library",
            "autoload": {
                "psr-4": {
                    "Phpbb\\Epv\\": "src/"
                }
            },
            "notification-url": "https://packagist.org/downloads/",
            "license": [
                "GPL-2.0"
            ],
            "authors": [
                {
                    "name": "Paul Sohier",
                    "email": "paul@phpbb.com"
                }
            ],
            "description": "A extension validator for phpBB extensions. Extensions are required to pass the validator when submitted to the extension database.",
            "time": "2016-01-31 18:06:43"
        },
        {
            "name": "sensiolabs/ansi-to-html",
            "version": "v1.1.2",
            "source": {
                "type": "git",
                "url": "https://github.com/sensiolabs/ansi-to-html.git",
                "reference": "02598b975c510e9e7d07d0be0a89c7a6b43464d6"
            },
            "dist": {
                "type": "zip",
                "url": "https://api.github.com/repos/sensiolabs/ansi-to-html/zipball/02598b975c510e9e7d07d0be0a89c7a6b43464d6",
                "reference": "02598b975c510e9e7d07d0be0a89c7a6b43464d6",
                "shasum": ""
            },
            "require": {
                "php": ">=5.3.0"
            },
            "suggest": {
                "twig/twig": "Provides nice templating features"
            },
            "type": "library",
            "extra": {
                "branch-alias": {
                    "dev-master": "1.1-dev"
                }
            },
            "autoload": {
                "psr-0": {
                    "SensioLabs\\AnsiConverter": "."
                }
            },
            "notification-url": "https://packagist.org/downloads/",
            "license": [
                "MIT"
            ],
            "authors": [
                {
                    "name": "Fabien Potencier",
                    "email": "fabien@symfony.com"
                }
            ],
            "description": "A library to convert a text with ANSI codes to HTML",
            "time": "2015-07-22 03:07:58"
        },
        {
            "name": "symfony/console",
            "version": "v2.8.2",
            "source": {
                "type": "git",
                "url": "https://github.com/symfony/console.git",
                "reference": "d0239fb42f98dd02e7d342f793c5d2cdee0c478d"
            },
            "dist": {
                "type": "zip",
                "url": "https://api.github.com/repos/symfony/console/zipball/d0239fb42f98dd02e7d342f793c5d2cdee0c478d",
                "reference": "d0239fb42f98dd02e7d342f793c5d2cdee0c478d",
                "shasum": ""
            },
            "require": {
                "php": ">=5.3.9",
                "symfony/polyfill-mbstring": "~1.0"
            },
            "require-dev": {
                "psr/log": "~1.0",
                "symfony/event-dispatcher": "~2.1|~3.0.0",
                "symfony/process": "~2.1|~3.0.0"
            },
            "suggest": {
                "psr/log": "For using the console logger",
                "symfony/event-dispatcher": "",
                "symfony/process": ""
            },
            "type": "library",
            "extra": {
                "branch-alias": {
                    "dev-master": "2.8-dev"
                }
            },
            "autoload": {
                "psr-4": {
                    "Symfony\\Component\\Console\\": ""
                },
                "exclude-from-classmap": [
                    "/Tests/"
                ]
            },
            "notification-url": "https://packagist.org/downloads/",
            "license": [
                "MIT"
            ],
            "authors": [
                {
                    "name": "Fabien Potencier",
                    "email": "fabien@symfony.com"
                },
                {
                    "name": "Symfony Community",
                    "homepage": "https://symfony.com/contributors"
                }
            ],
            "description": "Symfony Console Component",
            "homepage": "https://symfony.com",
            "time": "2016-01-14 08:33:16"
        },
        {
            "name": "symfony/finder",
            "version": "v2.8.2",
            "source": {
                "type": "git",
                "url": "https://github.com/symfony/finder.git",
                "reference": "c90fabdd97e431ee19b6383999cf35334dff27da"
            },
            "dist": {
                "type": "zip",
                "url": "https://api.github.com/repos/symfony/finder/zipball/c90fabdd97e431ee19b6383999cf35334dff27da",
                "reference": "c90fabdd97e431ee19b6383999cf35334dff27da",
                "shasum": ""
            },
            "require": {
                "php": ">=5.3.9"
            },
            "type": "library",
            "extra": {
                "branch-alias": {
                    "dev-master": "2.8-dev"
                }
            },
            "autoload": {
                "psr-4": {
                    "Symfony\\Component\\Finder\\": ""
                },
                "exclude-from-classmap": [
                    "/Tests/"
                ]
            },
            "notification-url": "https://packagist.org/downloads/",
            "license": [
                "MIT"
            ],
            "authors": [
                {
                    "name": "Fabien Potencier",
                    "email": "fabien@symfony.com"
                },
                {
                    "name": "Symfony Community",
                    "homepage": "https://symfony.com/contributors"
                }
            ],
            "description": "Symfony Finder Component",
            "homepage": "https://symfony.com",
            "time": "2016-01-14 08:26:52"
        },
        {
            "name": "symfony/polyfill-mbstring",
            "version": "v1.1.0",
            "source": {
                "type": "git",
                "url": "https://github.com/symfony/polyfill-mbstring.git",
                "reference": "1289d16209491b584839022f29257ad859b8532d"
            },
            "dist": {
                "type": "zip",
                "url": "https://api.github.com/repos/symfony/polyfill-mbstring/zipball/1289d16209491b584839022f29257ad859b8532d",
                "reference": "1289d16209491b584839022f29257ad859b8532d",
                "shasum": ""
            },
            "require": {
                "php": ">=5.3.3"
            },
            "suggest": {
                "ext-mbstring": "For best performance"
            },
            "type": "library",
            "extra": {
                "branch-alias": {
                    "dev-master": "1.1-dev"
                }
            },
            "autoload": {
                "psr-4": {
                    "Symfony\\Polyfill\\Mbstring\\": ""
                },
                "files": [
                    "bootstrap.php"
                ]
            },
            "notification-url": "https://packagist.org/downloads/",
            "license": [
                "MIT"
            ],
            "authors": [
                {
                    "name": "Nicolas Grekas",
                    "email": "p@tchwork.com"
                },
                {
                    "name": "Symfony Community",
                    "homepage": "https://symfony.com/contributors"
                }
            ],
            "description": "Symfony polyfill for the Mbstring extension",
            "homepage": "https://symfony.com",
            "keywords": [
                "compatibility",
                "mbstring",
                "polyfill",
                "portable",
                "shim"
            ],
            "time": "2016-01-20 09:13:37"
        },
        {
            "name": "symfony/process",
            "version": "v2.8.2",
            "source": {
                "type": "git",
                "url": "https://github.com/symfony/process.git",
                "reference": "6f1979c3b0f4c22c77a8a8971afaa7dd07f082ac"
            },
            "dist": {
                "type": "zip",
                "url": "https://api.github.com/repos/symfony/process/zipball/6f1979c3b0f4c22c77a8a8971afaa7dd07f082ac",
                "reference": "6f1979c3b0f4c22c77a8a8971afaa7dd07f082ac",
                "shasum": ""
            },
            "require": {
                "php": ">=5.3.9"
            },
            "type": "library",
            "extra": {
                "branch-alias": {
                    "dev-master": "2.8-dev"
                }
            },
            "autoload": {
                "psr-4": {
                    "Symfony\\Component\\Process\\": ""
                },
                "exclude-from-classmap": [
                    "/Tests/"
                ]
            },
            "notification-url": "https://packagist.org/downloads/",
            "license": [
                "MIT"
            ],
            "authors": [
                {
                    "name": "Fabien Potencier",
                    "email": "fabien@symfony.com"
                },
                {
                    "name": "Symfony Community",
                    "homepage": "https://symfony.com/contributors"
                }
            ],
            "description": "Symfony Process Component",
            "homepage": "https://symfony.com",
            "time": "2016-01-06 09:59:23"
        },
        {
            "name": "symfony/yaml",
            "version": "v2.8.2",
            "source": {
                "type": "git",
                "url": "https://github.com/symfony/yaml.git",
                "reference": "34c8a4b51e751e7ea869b8262f883d008a2b81b8"
            },
            "dist": {
                "type": "zip",
                "url": "https://api.github.com/repos/symfony/yaml/zipball/34c8a4b51e751e7ea869b8262f883d008a2b81b8",
                "reference": "34c8a4b51e751e7ea869b8262f883d008a2b81b8",
                "shasum": ""
            },
            "require": {
                "php": ">=5.3.9"
            },
            "type": "library",
            "extra": {
                "branch-alias": {
                    "dev-master": "2.8-dev"
                }
            },
            "autoload": {
                "psr-4": {
                    "Symfony\\Component\\Yaml\\": ""
                },
                "exclude-from-classmap": [
                    "/Tests/"
                ]
            },
            "notification-url": "https://packagist.org/downloads/",
            "license": [
                "MIT"
            ],
            "authors": [
                {
                    "name": "Fabien Potencier",
                    "email": "fabien@symfony.com"
                },
                {
                    "name": "Symfony Community",
                    "homepage": "https://symfony.com/contributors"
                }
            ],
            "description": "Symfony Yaml Component",
            "homepage": "https://symfony.com",
            "time": "2016-01-13 10:28:07"
        }
    ],
    "aliases": [],
    "minimum-stability": "stable",
    "stability-flags": {
        "phpbb/epv": 20
    },
    "prefer-stable": false,
    "prefer-lowest": false,
    "platform": {
        "php": ">=5.3.3"
    },
    "platform-dev": []
}
